
Microsoft Visual Studio Solution File, Format Version 12.00
# Visual Studio Version 16
VisualStudioVersion = 16.0.30717.126
MinimumVisualStudioVersion = 15.0.26124.0
Project("{9A19103F-16F7-4668-BE54-9A1E7A4F7556}") = "LinkedList", "LinkedList\LinkedList.csproj", "{6ADDA816-0911-4F2C-BE7A-3024AA5ADA91}"
EndProject
Project("{9A19103F-16F7-4668-BE54-9A1E7A4F7556}") = "PrimeNumber", "PrimeNumber\PrimeNumber.csproj", "{3223693A-3DBA-4D40-B030-53DA3384C66C}"
EndProject
Project("{9A19103F-16F7-4668-BE54-9A1E7A4F7556}") = "Trik", "Trik\Trik.csproj", "{F1E3B44C-B5EA-4574-895E-53A26EDF5813}"
EndProject
Project("{9A19103F-16F7-4668-BE54-9A1E7A4F7556}") = "SelectionSort", "SelectionSort\SelectionSort.csproj", "{7B828E86-BDE5-4154-BDF4-118E5DF3288F}"
EndProject
Project("{FAE04EC0-301F-11D3-BF4B-00C04F79EFBC}") = "SlidingWindow", "SlidingWindow\SlidingWindow.csproj", "{59C1D4F0-59E7-442E-8369-2FBDE93A2CD5}"
EndProject
Project("{FAE04EC0-301F-11D3-BF4B-00C04F79EFBC}") = "Summation", "Summation\Summation.csproj", "{E64471A6-0941-49B0-904B-F1D93BCAC18C}"
EndProject
Global
	GlobalSection(SolutionConfigurationPlatforms) = preSolution
		Debug|Any CPU = Debug|Any CPU
		Debug|x64 = Debug|x64
		Debug|x86 = Debug|x86
		Release|Any CPU = Release|Any CPU
		Release|x64 = Release|x64
		Release|x86 = Release|x86
	EndGlobalSection
	GlobalSection(ProjectConfigurationPlatforms) = postSolution
		{6ADDA816-0911-4F2C-BE7A-3024AA5ADA91}.Debug|Any CPU.ActiveCfg = Debug|Any CPU
		{6ADDA816-0911-4F2C-BE7A-3024AA5ADA91}.Debug|Any CPU.Build.0 = Debug|Any CPU
		{6ADDA816-0911-4F2C-BE7A-3024AA5ADA91}.Debug|x64.ActiveCfg = Debug|Any CPU
		{6ADDA816-0911-4F2C-BE7A-3024AA5ADA91}.Debug|x64.Build.0 = Debug|Any CPU
		{6ADDA816-0911-4F2C-BE7A-3024AA5ADA91}.Debug|x86.ActiveCfg = Debug|Any CPU
		{6ADDA816-0911-4F2C-BE7A-3024AA5ADA91}.Debug|x86.Build.0 = Debug|Any CPU
		{6ADDA816-0911-4F2C-BE7A-3024AA5ADA91}.Release|Any CPU.ActiveCfg = Release|Any CPU
		{6ADDA816-0911-4F2C-BE7A-3024AA5ADA91}.Release|Any CPU.Build.0 = Release|Any CPU
		{6ADDA816-0911-4F2C-BE7A-3024AA5ADA91}.Release|x64.ActiveCfg = Release|Any CPU
		{6ADDA816-0911-4F2C-BE7A-3024AA5ADA91}.Release|x64.Build.0 = Release|Any CPU
		{6ADDA816-0911-4F2C-BE7A-3024AA5ADA91}.Release|x86.ActiveCfg = Release|Any CPU
		{6ADDA816-0911-4F2C-BE7A-3024AA5ADA91}.Release|x86.Build.0 = Release|Any CPU
		{3223693A-3DBA-4D40-B030-53DA3384C66C}.Debug|Any CPU.ActiveCfg = Debug|Any CPU
		{3223693A-3DBA-4D40-B030-53DA3384C66C}.Debug|Any CPU.Build.0 = Debug|Any CPU
		{3223693A-3DBA-4D40-B030-53DA3384C66C}.Debug|x64.ActiveCfg = Debug|Any CPU
		{3223693A-3DBA-4D40-B030-53DA3384C66C}.Debug|x64.Build.0 = Debug|Any CPU
		{3223693A-3DBA-4D40-B030-53DA3384C66C}.Debug|x86.ActiveCfg = Debug|Any CPU
		{3223693A-3DBA-4D40-B030-53DA3384C66C}.Debug|x86.Build.0 = Debug|Any CPU
		{3223693A-3DBA-4D40-B030-53DA3384C66C}.Release|Any CPU.ActiveCfg = Release|Any CPU
		{3223693A-3DBA-4D40-B030-53DA3384C66C}.Release|Any CPU.Build.0 = Release|Any CPU
		{3223693A-3DBA-4D40-B030-53DA3384C66C}.Release|x64.ActiveCfg = Release|Any CPU
		{3223693A-3DBA-4D40-B030-53DA3384C66C}.Release|x64.Build.0 = Release|Any CPU
		{3223693A-3DBA-4D40-B030-53DA3384C66C}.Release|x86.ActiveCfg = Release|Any CPU
		{3223693A-3DBA-4D40-B030-53DA3384C66C}.Release|x86.Build.0 = Release|Any CPU
		{F1E3B44C-B5EA-4574-895E-53A26EDF5813}.Debug|Any CPU.ActiveCfg = Debug|Any CPU
		{F1E3B44C-B5EA-4574-895E-53A26EDF5813}.Debug|Any CPU.Build.0 = Debug|Any CPU
		{F1E3B44C-B5EA-4574-895E-53A26EDF5813}.Debug|x64.ActiveCfg = Debug|Any CPU
		{F1E3B44C-B5EA-4574-895E-53A26EDF5813}.Debug|x64.Build.0 = Debug|Any CPU
		{F1E3B44C-B5EA-4574-895E-53A26EDF5813}.Debug|x86.ActiveCfg = Debug|Any CPU
		{F1E3B44C-B5EA-4574-895E-53A26EDF5813}.Debug|x86.Build.0 = Debug|Any CPU
		{F1E3B44C-B5EA-4574-895E-53A26EDF5813}.Release|Any CPU.ActiveCfg = Release|Any CPU
		{F1E3B44C-B5EA-4574-895E-53A26EDF5813}.Release|Any CPU.Build.0 = Release|Any CPU
		{F1E3B44C-B5EA-4574-895E-53A26EDF5813}.Release|x64.ActiveCfg = Release|Any CPU
		{F1E3B44C-B5EA-4574-895E-53A26EDF5813}.Release|x64.Build.0 = Release|Any CPU
		{F1E3B44C-B5EA-4574-895E-53A26EDF5813}.Release|x86.ActiveCfg = Release|Any CPU
		{F1E3B44C-B5EA-4574-895E-53A26EDF5813}.Release|x86.Build.0 = Release|Any CPU
		{7B828E86-BDE5-4154-BDF4-118E5DF3288F}.Debug|Any CPU.ActiveCfg = Debug|Any CPU
		{7B828E86-BDE5-4154-BDF4-118E5DF3288F}.Debug|Any CPU.Build.0 = Debug|Any CPU
		{7B828E86-BDE5-4154-BDF4-118E5DF3288F}.Debug|x64.ActiveCfg = Debug|Any CPU
		{7B828E86-BDE5-4154-BDF4-118E5DF3288F}.Debug|x64.Build.0 = Debug|Any CPU
		{7B828E86-BDE5-4154-BDF4-118E5DF3288F}.Debug|x86.ActiveCfg = Debug|Any CPU
		{7B828E86-BDE5-4154-BDF4-118E5DF3288F}.Debug|x86.Build.0 = Debug|Any CPU
		{7B828E86-BDE5-4154-BDF4-118E5DF3288F}.Release|Any CPU.ActiveCfg = Release|Any CPU
		{7B828E86-BDE5-4154-BDF4-118E5DF3288F}.Release|Any CPU.Build.0 = Release|Any CPU
		{7B828E86-BDE5-4154-BDF4-118E5DF3288F}.Release|x64.ActiveCfg = Release|Any CPU
		{7B828E86-BDE5-4154-BDF4-118E5DF3288F}.Release|x64.Build.0 = Release|Any CPU
		{7B828E86-BDE5-4154-BDF4-118E5DF3288F}.Release|x86.ActiveCfg = Release|Any CPU
		{7B828E86-BDE5-4154-BDF4-118E5DF3288F}.Release|x86.Build.0 = Release|Any CPU
		{59C1D4F0-59E7-442E-8369-2FBDE93A2CD5}.Debug|Any CPU.ActiveCfg = Debug|Any CPU
		{59C1D4F0-59E7-442E-8369-2FBDE93A2CD5}.Debug|Any CPU.Build.0 = Debug|Any CPU
		{59C1D4F0-59E7-442E-8369-2FBDE93A2CD5}.Debug|x64.ActiveCfg = Debug|Any CPU
		{59C1D4F0-59E7-442E-8369-2FBDE93A2CD5}.Debug|x64.Build.0 = Debug|Any CPU
		{59C1D4F0-59E7-442E-8369-2FBDE93A2CD5}.Debug|x86.ActiveCfg = Debug|Any CPU
		{59C1D4F0-59E7-442E-8369-2FBDE93A2CD5}.Debug|x86.Build.0 = Debug|Any CPU
		{59C1D4F0-59E7-442E-8369-2FBDE93A2CD5}.Release|Any CPU.ActiveCfg = Release|Any CPU
		{59C1D4F0-59E7-442E-8369-2FBDE93A2CD5}.Release|Any CPU.Build.0 = Release|Any CPU
		{59C1D4F0-59E7-442E-8369-2FBDE93A2CD5}.Release|x64.ActiveCfg = Release|Any CPU
		{59C1D4F0-59E7-442E-8369-2FBDE93A2CD5}.Release|x64.Build.0 = Release|Any CPU
		{59C1D4F0-59E7-442E-8369-2FBDE93A2CD5}.Release|x86.ActiveCfg = Release|Any CPU
		{59C1D4F0-59E7-442E-8369-2FBDE93A2CD5}.Release|x86.Build.0 = Release|Any CPU
		{E64471A6-0941-49B0-904B-F1D93BCAC18C}.Debug|Any CPU.ActiveCfg = Debug|Any CPU
		{E64471A6-0941-49B0-904B-F1D93BCAC18C}.Debug|Any CPU.Build.0 = Debug|Any CPU
		{E64471A6-0941-49B0-904B-F1D93BCAC18C}.Debug|x64.ActiveCfg = Debug|Any CPU
		{E64471A6-0941-49B0-904B-F1D93BCAC18C}.Debug|x64.Build.0 = Debug|Any CPU
		{E64471A6-0941-49B0-904B-F1D93BCAC18C}.Debug|x86.ActiveCfg = Debug|Any CPU
		{E64471A6-0941-49B0-904B-F1D93BCAC18C}.Debug|x86.Build.0 = Debug|Any CPU
		{E64471A6-0941-49B0-904B-F1D93BCAC18C}.Release|Any CPU.ActiveCfg = Release|Any CPU
		{E64471A6-0941-49B0-904B-F1D93BCAC18C}.Release|Any CPU.Build.0 = Release|Any CPU
		{E64471A6-0941-49B0-904B-F1D93BCAC18C}.Release|x64.ActiveCfg = Release|Any CPU
		{E64471A6-0941-49B0-904B-F1D93BCAC18C}.Release|x64.Build.0 = Release|Any CPU
		{E64471A6-0941-49B0-904B-F1D93BCAC18C}.Release|x86.ActiveCfg = Release|Any CPU
		{E64471A6-0941-49B0-904B-F1D93BCAC18C}.Release|x86.Build.0 = Release|Any CPU
	EndGlobalSection
	GlobalSection(SolutionProperties) = preSolution
		HideSolutionNode = FALSE
	EndGlobalSection
	GlobalSection(ExtensibilityGlobals) = postSolution
		SolutionGuid = {9E3BCF4C-9F4C-41E6-9C77-52920019AEB6}
	EndGlobalSection
EndGlobal
